
Microsoft Visual Studio Solution File, Format Version 12.00
Project("{2150E333-8FDC-42A3-9474-1A3956D46DE8}") = "Core", "Core", "{7FC25329-F205-4629-B213-D910D2B641B9}"
EndProject
Project("{FAE04EC0-301F-11D3-BF4B-00C04F79EFBC}") = "Crystal.Core", "Core\Crystal.Core\Crystal.Core.csproj", "{1999AC24-7F46-45D0-A0A7-CA23DAFE297E}"
EndProject
Global
	GlobalSection(SolutionConfigurationPlatforms) = preSolution
		Debug|Any CPU = Debug|Any CPU
		Release|Any CPU = Release|Any CPU
	EndGlobalSection
	GlobalSection(ProjectConfigurationPlatforms) = postSolution
		{1999AC24-7F46-45D0-A0A7-CA23DAFE297E}.Debug|Any CPU.ActiveCfg = Debug|Any CPU
		{1999AC24-7F46-45D0-A0A7-CA23DAFE297E}.Debug|Any CPU.Build.0 = Debug|Any CPU
		{1999AC24-7F46-45D0-A0A7-CA23DAFE297E}.Release|Any CPU.ActiveCfg = Release|Any CPU
		{1999AC24-7F46-45D0-A0A7-CA23DAFE297E}.Release|Any CPU.Build.0 = Release|Any CPU
	EndGlobalSection
	GlobalSection(NestedProjects) = preSolution
		{1999AC24-7F46-45D0-A0A7-CA23DAFE297E} = {7FC25329-F205-4629-B213-D910D2B641B9}
	EndGlobalSection
EndGlobal
